
Microsoft Visual Studio Solution File, Format Version 11.00
# Visual Studio 2010
Project("{8BC9CEB8-8B4A-11D0-8D11-00A0C91BC942}") = "day6", "day6\day6.vcxproj", "{FD3471FA-D6F7-48EB-9FA8-F83E93C407AB}"
EndProject
Global
	GlobalSection(SolutionConfigurationPlatforms) = preSolution
		Debug|Win32 = Debug|Win32
		Release|Win32 = Release|Win32
	EndGlobalSection
	GlobalSection(ProjectConfigurationPlatforms) = postSolution
		{FD3471FA-D6F7-48EB-9FA8-F83E93C407AB}.Debug|Win32.ActiveCfg = Debug|Win32
		{FD3471FA-D6F7-48EB-9FA8-F83E93C407AB}.Debug|Win32.Build.0 = Debug|Win32
		{FD3471FA-D6F7-48EB-9FA8-F83E93C407AB}.Release|Win32.ActiveCfg = Release|Win32
		{FD3471FA-D6F7-48EB-9FA8-F83E93C407AB}.Release|Win32.Build.0 = Release|Win32
	EndGlobalSection
	GlobalSection(SolutionProperties) = preSolution
		HideSolutionNode = FALSE
	EndGlobalSection
EndGlobal
