
Microsoft Visual Studio Solution File, Format Version 11.00
# Visual Studio 2010
Project("{8BC9CEB8-8B4A-11D0-8D11-00A0C91BC942}") = "day3", "day3\day3.vcxproj", "{8309F493-FFE5-4ACF-A2A3-776C344B3F65}"
EndProject
Global
	GlobalSection(SolutionConfigurationPlatforms) = preSolution
		Debug|Win32 = Debug|Win32
		Release|Win32 = Release|Win32
	EndGlobalSection
	GlobalSection(ProjectConfigurationPlatforms) = postSolution
		{8309F493-FFE5-4ACF-A2A3-776C344B3F65}.Debug|Win32.ActiveCfg = Debug|Win32
		{8309F493-FFE5-4ACF-A2A3-776C344B3F65}.Debug|Win32.Build.0 = Debug|Win32
		{8309F493-FFE5-4ACF-A2A3-776C344B3F65}.Release|Win32.ActiveCfg = Release|Win32
		{8309F493-FFE5-4ACF-A2A3-776C344B3F65}.Release|Win32.Build.0 = Release|Win32
	EndGlobalSection
	GlobalSection(SolutionProperties) = preSolution
		HideSolutionNode = FALSE
	EndGlobalSection
EndGlobal
