
Microsoft Visual Studio Solution File, Format Version 11.00
# Visual Studio 2010
Project("{8BC9CEB8-8B4A-11D0-8D11-00A0C91BC942}") = "day7", "day7\day7.vcxproj", "{6C8D7F79-289D-4825-AE59-106F10C96687}"
EndProject
Global
	GlobalSection(SolutionConfigurationPlatforms) = preSolution
		Debug|Win32 = Debug|Win32
		Release|Win32 = Release|Win32
	EndGlobalSection
	GlobalSection(ProjectConfigurationPlatforms) = postSolution
		{6C8D7F79-289D-4825-AE59-106F10C96687}.Debug|Win32.ActiveCfg = Debug|Win32
		{6C8D7F79-289D-4825-AE59-106F10C96687}.Debug|Win32.Build.0 = Debug|Win32
		{6C8D7F79-289D-4825-AE59-106F10C96687}.Release|Win32.ActiveCfg = Release|Win32
		{6C8D7F79-289D-4825-AE59-106F10C96687}.Release|Win32.Build.0 = Release|Win32
	EndGlobalSection
	GlobalSection(SolutionProperties) = preSolution
		HideSolutionNode = FALSE
	EndGlobalSection
EndGlobal
